
Microsoft Visual Studio Solution File, Format Version 12.00
# Visual Studio Version 17
VisualStudioVersion = 17.2.32630.192
MinimumVisualStudioVersion = 10.0.40219.1
Project("{FAE04EC0-301F-11D3-BF4B-00C04F79EFBC}") = "MyFriends", "MyFriends\MyFriends.csproj", "{2A05AE1B-81C0-4E03-A31C-A3DA887ADC26}"
EndProject
Project("{FAE04EC0-301F-11D3-BF4B-00C04F79EFBC}") = "MODEL", "MODEL\MODEL.csproj", "{E3393F0A-D0A1-4D06-BEA8-D967F2AC9107}"
EndProject
Project("{FAE04EC0-301F-11D3-BF4B-00C04F79EFBC}") = "DAL", "DAL\DAL.csproj", "{B40A9902-9137-4BF8-AEA5-2FEEC1192419}"
EndProject
Project("{FAE04EC0-301F-11D3-BF4B-00C04F79EFBC}") = "HELPER", "HELPER\HELPER.csproj", "{0E77CFB4-01FC-4475-8631-63C6B93EED1F}"
EndProject
Global
	GlobalSection(SolutionConfigurationPlatforms) = preSolution
		Debug|Any CPU = Debug|Any CPU
		Release|Any CPU = Release|Any CPU
	EndGlobalSection
	GlobalSection(ProjectConfigurationPlatforms) = postSolution
		{2A05AE1B-81C0-4E03-A31C-A3DA887ADC26}.Debug|Any CPU.ActiveCfg = Debug|Any CPU
		{2A05AE1B-81C0-4E03-A31C-A3DA887ADC26}.Debug|Any CPU.Build.0 = Debug|Any CPU
		{2A05AE1B-81C0-4E03-A31C-A3DA887ADC26}.Debug|Any CPU.Deploy.0 = Debug|Any CPU
		{2A05AE1B-81C0-4E03-A31C-A3DA887ADC26}.Release|Any CPU.ActiveCfg = Release|Any CPU
		{2A05AE1B-81C0-4E03-A31C-A3DA887ADC26}.Release|Any CPU.Build.0 = Release|Any CPU
		{2A05AE1B-81C0-4E03-A31C-A3DA887ADC26}.Release|Any CPU.Deploy.0 = Release|Any CPU
		{E3393F0A-D0A1-4D06-BEA8-D967F2AC9107}.Debug|Any CPU.ActiveCfg = Debug|Any CPU
		{E3393F0A-D0A1-4D06-BEA8-D967F2AC9107}.Debug|Any CPU.Build.0 = Debug|Any CPU
		{E3393F0A-D0A1-4D06-BEA8-D967F2AC9107}.Release|Any CPU.ActiveCfg = Release|Any CPU
		{E3393F0A-D0A1-4D06-BEA8-D967F2AC9107}.Release|Any CPU.Build.0 = Release|Any CPU
		{B40A9902-9137-4BF8-AEA5-2FEEC1192419}.Debug|Any CPU.ActiveCfg = Debug|Any CPU
		{B40A9902-9137-4BF8-AEA5-2FEEC1192419}.Debug|Any CPU.Build.0 = Debug|Any CPU
		{B40A9902-9137-4BF8-AEA5-2FEEC1192419}.Release|Any CPU.ActiveCfg = Release|Any CPU
		{B40A9902-9137-4BF8-AEA5-2FEEC1192419}.Release|Any CPU.Build.0 = Release|Any CPU
		{0E77CFB4-01FC-4475-8631-63C6B93EED1F}.Debug|Any CPU.ActiveCfg = Debug|Any CPU
		{0E77CFB4-01FC-4475-8631-63C6B93EED1F}.Debug|Any CPU.Build.0 = Debug|Any CPU
		{0E77CFB4-01FC-4475-8631-63C6B93EED1F}.Release|Any CPU.ActiveCfg = Release|Any CPU
		{0E77CFB4-01FC-4475-8631-63C6B93EED1F}.Release|Any CPU.Build.0 = Release|Any CPU
	EndGlobalSection
	GlobalSection(SolutionProperties) = preSolution
		HideSolutionNode = FALSE
	EndGlobalSection
	GlobalSection(ExtensibilityGlobals) = postSolution
		SolutionGuid = {FBD46B41-849A-471D-AC43-3908BF188215}
	EndGlobalSection
EndGlobal
